
Microsoft Visual Studio Solution File, Format Version 12.00
# Visual Studio 14
VisualStudioVersion = 14.0.25420.1
MinimumVisualStudioVersion = 10.0.40219.1
Project("{FAE04EC0-301F-11D3-BF4B-00C04F79EFBC}") = "Tools_3D_ChaseCamera", "Tools_3D_ChaseCamera\Tools_3D_ChaseCamera\Tools_3D_ChaseCamera.csproj", "{933AA830-FB26-44B9-85D1-36FB4936FEE0}"
EndProject
Project("{96E2B04D-8817-42C6-938A-82C39BA4D311}") = "Tools_3D_ChaseCameraContent", "Tools_3D_ChaseCamera\Tools_3D_ChaseCameraContent\Tools_3D_ChaseCameraContent.contentproj", "{FF51E658-2F0E-45D5-B839-C6EE2711AC1A}"
EndProject
Global
	GlobalSection(SolutionConfigurationPlatforms) = preSolution
		Debug|x86 = Debug|x86
		Release|x86 = Release|x86
	EndGlobalSection
	GlobalSection(ProjectConfigurationPlatforms) = postSolution
		{933AA830-FB26-44B9-85D1-36FB4936FEE0}.Debug|x86.ActiveCfg = Debug|x86
		{933AA830-FB26-44B9-85D1-36FB4936FEE0}.Debug|x86.Build.0 = Debug|x86
		{933AA830-FB26-44B9-85D1-36FB4936FEE0}.Release|x86.ActiveCfg = Release|x86
		{933AA830-FB26-44B9-85D1-36FB4936FEE0}.Release|x86.Build.0 = Release|x86
		{FF51E658-2F0E-45D5-B839-C6EE2711AC1A}.Debug|x86.ActiveCfg = Debug|x86
		{FF51E658-2F0E-45D5-B839-C6EE2711AC1A}.Release|x86.ActiveCfg = Release|x86
	EndGlobalSection
	GlobalSection(SolutionProperties) = preSolution
		HideSolutionNode = FALSE
	EndGlobalSection
EndGlobal
